// !$*UTF8*$!
{
	archiveVersion = 1;
	classes = {
	};
	objectVersion = 50;
	objects = {

/* Begin PBXBuildFile section */
		5AE76DAA2642CB3B00B63F90 /* AppDelegate.swift in Sources */ = {isa = PBXBuildFile; fileRef = 5AE76DA92642CB3B00B63F90 /* AppDelegate.swift */; };
		5AE76DAC2642CB3B00B63F90 /* SceneDelegate.swift in Sources */ = {isa = PBXBuildFile; fileRef = 5AE76DAB2642CB3B00B63F90 /* SceneDelegate.swift */; };
		5AE76DAE2642CB3B00B63F90 /* ViewController.swift in Sources */ = {isa = PBXBuildFile; fileRef = 5AE76DAD2642CB3B00B63F90 /* ViewController.swift */; };
		5AE76DB12642CB3B00B63F90 /* Main.storyboard in Resources */ = {isa = PBXBuildFile; fileRef = 5AE76DAF2642CB3B00B63F90 /* Main.storyboard */; };
		5AE76DB32642CB3E00B63F90 /* Assets.xcassets in Resources */ = {isa = PBXBuildFile; fileRef = 5AE76DB22642CB3E00B63F90 /* Assets.xcassets */; };
		5AE76DB62642CB3E00B63F90 /* LaunchScreen.storyboard in Resources */ = {isa = PBXBuildFile; fileRef = 5AE76DB42642CB3E00B63F90 /* LaunchScreen.storyboard */; };
/* End PBXBuildFile section */

/* Begin PBXFileReference section */
		5AE76DA62642CB3B00B63F90 /* InstagramStorySharing.app */ = {isa = PBXFileReference; explicitFileType = wrapper.application; includeInIndex = 0; path = InstagramStorySharing.app; sourceTree = BUILT_PRODUCTS_DIR; };
		5AE76DA92642CB3B00B63F90 /* AppDelegate.swift */ = {isa = PBXFileReference; lastKnownFileType = sourcecode.swift; path = AppDelegate.swift; sourceTree = "<group>"; };
		5AE76DAB2642CB3B00B63F90 /* SceneDelegate.swift */ = {isa = PBXFileReference; lastKnownFileType = sourcecode.swift; path = SceneDelegate.swift; sourceTree = "<group>"; };
		5AE76DAD2642CB3B00B63F90 /* ViewController.swift */ = {isa = PBXFileReference; lastKnownFileType = sourcecode.swift; path = ViewController.swift; sourceTree = "<group>"; };
		5AE76DB02642CB3B00B63F90 /* Base */ = {isa = PBXFileReference; lastKnownFileType = file.storyboard; name = Base; path = Base.lproj/Main.storyboard; sourceTree = "<group>"; };
		5AE76DB22642CB3E00B63F90 /* Assets.xcassets */ = {isa = PBXFileReference; lastKnownFileType = folder.assetcatalog; path = Assets.xcassets; sourceTree = "<group>"; };
		5AE76DB52642CB3E00B63F90 /* Base */ = {isa = PBXFileReference; lastKnownFileType = file.storyboard; name = Base; path = Base.lproj/LaunchScreen.storyboard; sourceTree = "<group>"; };
		5AE76DB72642CB3E00B63F90 /* Info.plist */ = {isa = PBXFileReference; lastKnownFileType = text.plist.xml; path = Info.plist; sourceTree = "<group>"; };
/* End PBXFileReference section */

/* Begin PBXFrameworksBuildPhase section */
		5AE76DA32642CB3B00B63F90 /* Frameworks */ = {
			isa = PBXFrameworksBuildPhase;
			buildActionMask = 2147483647;
			files = (
			);
			runOnlyForDeploymentPostprocessing = 0;
		};
/* End PBXFrameworksBuildPhase section */

/* Begin PBXGroup section */
		5AE76D9D2642CB3B00B63F90 = {
			isa = PBXGroup;
			children = (
				5AE76DA82642CB3B00B63F90 /* InstagramStorySharing */,
				5AE76DA72642CB3B00B63F90 /* Products */,
			);
			sourceTree = "<group>";
		};
		5AE76DA72642CB3B00B63F90 /* Products */ = {
			isa = PBXGroup;
			children = (
				5AE76DA62642CB3B00B63F90 /* InstagramStorySharing.app */,
			);
			name = Products;
			sourceTree = "<group>";
		};
		5AE76DA82642CB3B00B63F90 /* InstagramStorySharing */ = {
			isa = PBXGroup;
			children = (
				5AE76DA92642CB3B00B63F90 /* AppDelegate.swift */,
				5AE76DAB2642CB3B00B63F90 /* SceneDelegate.swift */,
				5AE76DAD2642CB3B00B63F90 /* ViewController.swift */,
				5AE76DAF2642CB3B00B63F90 /* Main.storyboard */,
				5AE76DB22642CB3E00B63F90 /* Assets.xcassets */,
				5AE76DB42642CB3E00B63F90 /* LaunchScreen.storyboard */,
				5AE76DB72642CB3E00B63F90 /* Info.plist */,
			);
			path = InstagramStorySharing;
			sourceTree = "<group>";
		};
/* End PBXGroup section */

/* Begin PBXNativeTarget section */
		5AE76DA52642CB3B00B63F90 /* InstagramStorySharing */ = {
			isa = PBXNativeTarget;
			buildConfigurationList = 5AE76DBA2642CB3E00B63F90 /* Build configuration list for PBXNativeTarget "InstagramStorySharing" */;
			buildPhases = (
				5AE76DA22642CB3B00B63F90 /* Sources */,
				5AE76DA32642CB3B00B63F90 /* Frameworks */,
				5AE76DA42642CB3B00B63F90 /* Resources */,
			);
			buildRules = (
			);
			dependencies = (
			);
			name = InstagramStorySharing;
			productName = InstagramStorySharing;
			productReference = 5AE76DA62642CB3B00B63F90 /* InstagramStorySharing.app */;
			productType = "com.apple.product-type.application";
		};
/* End PBXNativeTarget section */

/* Begin PBXProject section */
		5AE76D9E2642CB3B00B63F90 /* Project object */ = {
			isa = PBXProject;
			attributes = {
				LastSwiftUpdateCheck = 1250;
				LastUpgradeCheck = 1250;
				TargetAttributes = {
					5AE76DA52642CB3B00B63F90 = {
						CreatedOnToolsVersion = 12.5;
					};
				};
			};
			buildConfigurationList = 5AE76DA12642CB3B00B63F90 /* Build configuration list for PBXProject "InstagramStorySharing" */;
			compatibilityVersion = "Xcode 9.3";
			developmentRegion = en;
			hasScannedForEncodings = 0;
			knownRegions = (
				en,
				Base,
			);
			mainGroup = 5AE76D9D2642CB3B00B63F90;
			productRefGroup = 5AE76DA72642CB3B00B63F90 /* Products */;
			projectDirPath = "";
			projectRoot = "";
			targets = (
				5AE76DA52642CB3B00B63F90 /* InstagramStorySharing */,
			);
		};
/* End PBXProject section */

/* Begin PBXResourcesBuildPhase section */
		5AE76DA42642CB3B00B63F90 /* Resources */ = {
			isa = PBXResourcesBuildPhase;
			buildActionMask = 2147483647;
			files = (
				5AE76DB62642CB3E00B63F90 /* LaunchScreen.storyboard in Resources */,
				5AE76DB32642CB3E00B63F90 /* Assets.xcassets in Resources */,
				5AE76DB12642CB3B00B63F90 /* Main.storyboard in Resources */,
			);
			runOnlyForDeploymentPostprocessing = 0;
		};
/* End PBXResourcesBuildPhase section */

/* Begin PBXSourcesBuildPhase section */
		5AE76DA22642CB3B00B63F90 /* Sources */ = {
			isa = PBXSourcesBuildPhase;
			buildActionMask = 2147483647;
			files = (
				5AE76DAE2642CB3B00B63F90 /* ViewController.swift in Sources */,
				5AE76DAA2642CB3B00B63F90 /* AppDelegate.swift in Sources */,
				5AE76DAC2642CB3B00B63F90 /* SceneDelegate.swift in Sources */,
			);
			runOnlyForDeploymentPostprocessing = 0;
		};
/* End PBXSourcesBuildPhase section */

/* Begin PBXVariantGroup section */
		5AE76DAF2642CB3B00B63F90 /* Main.storyboard */ = {
			isa = PBXVariantGroup;
			children = (
				5AE76DB02642CB3B00B63F90 /* Base */,
			);
			name = Main.storyboard;
			sourceTree = "<group>";
		};
		5AE76DB42642CB3E00B63F90 /* LaunchScreen.storyboard */ = {
			isa = PBXVariantGroup;
			children = (
				5AE76DB52642CB3E00B63F90 /* Base */,
			);
			name = LaunchScreen.storyboard;
			sourceTree = "<group>";
		};
/* End PBXVariantGroup section */

/* Begin XCBuildConfiguration section */
		5AE76DB82642CB3E00B63F90 /* Debug */ = {
			isa = XCBuildConfiguration;
			buildSettings = {
				ALWAYS_SEARCH_USER_PATHS = NO;
				CLANG_ANALYZER_NONNULL = YES;
				CLANG_ANALYZER_NUMBER_OBJECT_CONVERSION = YES_AGGRESSIVE;
				CLANG_CXX_LANGUAGE_STANDARD = "gnu++14";
				CLANG_CXX_LIBRARY = "libc++";
				CLANG_ENABLE_MODULES = YES;
				CLANG_ENABLE_OBJC_ARC = YES;
				CLANG_ENABLE_OBJC_WEAK = YES;
				CLANG_WARN_BLOCK_CAPTURE_AUTORELEASING = YES;
				CLANG_WARN_BOOL_CONVERSION = YES;
				CLANG_WARN_COMMA = YES;
				CLANG_WARN_CONSTANT_CONVERSION = YES;
				CLANG_WARN_DEPRECATED_OBJC_IMPLEMENTATIONS = YES;
				CLANG_WARN_DIRECT_OBJC_ISA_USAGE = YES_ERROR;
				CLANG_WARN_DOCUMENTATION_COMMENTS = YES;
				CLANG_WARN_EMPTY_BODY = YES;
				CLANG_WARN_ENUM_CONVERSION = YES;
				CLANG_WARN_INFINITE_RECURSION = YES;
				CLANG_WARN_INT_CONVERSION = YES;
				CLANG_WARN_NON_LITERAL_NULL_CONVERSION = YES;
				CLANG_WARN_OBJC_IMPLICIT_RETAIN_SELF = YES;
				CLANG_WARN_OBJC_LITERAL_CONVERSION = YES;
				CLANG_WARN_OBJC_ROOT_CLASS = YES_ERROR;
				CLANG_WARN_QUOTED_INCLUDE_IN_FRAMEWORK_HEADER = YES;
				CLANG_WARN_RANGE_LOOP_ANALYSIS = YES;
				CLANG_WARN_STRICT_PROTOTYPES = YES;
				CLANG_WARN_SUSPICIOUS_MOVE = YES;
				CLANG_WARN_UNGUARDED_AVAILABILITY = YES_AGGRESSIVE;
				CLANG_WARN_UNREACHABLE_CODE = YES;
				CLANG_WARN__DUPLICATE_METHOD_MATCH = YES;
				COPY_PHASE_STRIP = NO;
				DEBUG_INFORMATION_FORMAT = dwarf;
				ENABLE_STRICT_OBJC_MSGSEND = YES;
				ENABLE_TESTABILITY = YES;
				GCC_C_LANGUAGE_STANDARD = gnu11;
				GCC_DYNAMIC_NO_PIC = NO;
				GCC_NO_COMMON_BLOCKS = YES;
				GCC_OPTIMIZATION_LEVEL = 0;
				GCC_PREPROCESSOR_DEFINITIONS = (
					"DEBUG=1",
					"$(inherited)",
				);
				GCC_WARN_64_TO_32_BIT_CONVERSION = YES;
				GCC_WARN_ABOUT_RETURN_TYPE = YES_ERROR;
				GCC_WARN_UNDECLARED_SELECTOR = YES;
				GCC_WARN_UNINITIALIZED_AUTOS = YES_AGGRESSIVE;
				GCC_WARN_UNUSED_FUNCTION = YES;
				GCC_WARN_UNUSED_VARIABLE = YES;
				IPHONEOS_DEPLOYMENT_TARGET = 14.5;
				MTL_ENABLE_DEBUG_INFO = INCLUDE_SOURCE;
				MTL_FAST_MATH = YES;
				ONLY_ACTIVE_ARCH = YES;
				SDKROOT = iphoneos;
				SWIFT_ACTIVE_COMPILATION_CONDITIONS = DEBUG;
				SWIFT_OPTIMIZATION_LEVEL = "-Onone";
			};
			name = Debug;
		};
		5AE76DB92642CB3E00B63F90 /* Release */ = {
			isa = XCBuildConfiguration;
			buildSettings = {
				ALWAYS_SEARCH_USER_PATHS = NO;
				CLANG_ANALYZER_NONNULL = YES;
				CLANG_ANALYZER_NUMBER_OBJECT_CONVERSION = YES_AGGRESSIVE;
				CLANG_CXX_LANGUAGE_STANDARD = "gnu++14";
				CLANG_CXX_LIBRARY = "libc++";
				CLANG_ENABLE_MODULES = YES;
				CLANG_ENABLE_OBJC_ARC = YES;
				CLANG_ENABLE_OBJC_WEAK = YES;
				CLANG_WARN_BLOCK_CAPTURE_AUTORELEASING = YES;
				CLANG_WARN_BOOL_CONVERSION = YES;
				CLANG_WARN_COMMA = YES;
				CLANG_WARN_CONSTANT_CONVERSION = YES;
				CLANG_WARN_DEPRECATED_OBJC_IMPLEMENTATIONS = YES;
				CLANG_WARN_DIRECT_OBJC_ISA_USAGE = YES_ERROR;
				CLANG_WARN_DOCUMENTATION_COMMENTS = YES;
				CLANG_WARN_EMPTY_BODY = YES;
				CLANG_WARN_ENUM_CONVERSION = YES;
				CLANG_WARN_INFINITE_RECURSION = YES;
				CLANG_WARN_INT_CONVERSION = YES;
				CLANG_WARN_NON_LITERAL_NULL_CONVERSION = YES;
				CLANG_WARN_OBJC_IMPLICIT_RETAIN_SELF = YES;
				CLANG_WARN_OBJC_LITERAL_CONVERSION = YES;
				CLANG_WARN_OBJC_ROOT_CLASS = YES_ERROR;
				CLANG_WARN_QUOTED_INCLUDE_IN_FRAMEWORK_HEADER = YES;
				CLANG_WARN_RANGE_LOOP_ANALYSIS = YES;
				CLANG_WARN_STRICT_PROTOTYPES = YES;
				CLANG_WARN_SUSPICIOUS_MOVE = YES;
				CLANG_WARN_UNGUARDED_AVAILABILITY = YES_AGGRESSIVE;
				CLANG_WARN_UNREACHABLE_CODE = YES;
				CLANG_WARN__DUPLICATE_METHOD_MATCH = YES;
				COPY_PHASE_STRIP = NO;
				DEBUG_INFORMATION_FORMAT = "dwarf-with-dsym";
				ENABLE_NS_ASSERTIONS = NO;
				ENABLE_STRICT_OBJC_MSGSEND = YES;
				GCC_C_LANGUAGE_STANDARD = gnu11;
				GCC_NO_COMMON_BLOCKS = YES;
				GCC_WARN_64_TO_32_BIT_CONVERSION = YES;
				GCC_WARN_ABOUT_RETURN_TYPE = YES_ERROR;
				GCC_WARN_UNDECLARED_SELECTOR = YES;
				GCC_WARN_UNINITIALIZED_AUTOS = YES_AGGRESSIVE;
				GCC_WARN_UNUSED_FUNCTION = YES;
				GCC_WARN_UNUSED_VARIABLE = YES;
				IPHONEOS_DEPLOYMENT_TARGET = 14.5;
				MTL_ENABLE_DEBUG_INFO = NO;
				MTL_FAST_MATH = YES;
				SDKROOT = iphoneos;
				SWIFT_COMPILATION_MODE = wholemodule;
				SWIFT_OPTIMIZATION_LEVEL = "-O";
				VALIDATE_PRODUCT = YES;
			};
			name = Release;
		};
		5AE76DBB2642CB3E00B63F90 /* Debug */ = {
			isa = XCBuildConfiguration;
			buildSettings = {
				ASSETCATALOG_COMPILER_APPICON_NAME = AppIcon;
				ASSETCATALOG_COMPILER_GLOBAL_ACCENT_COLOR_NAME = AccentColor;
				CODE_SIGN_STYLE = Automatic;
				DEVELOPMENT_TEAM = LAT58Z69VZ;
				INFOPLIST_FILE = InstagramStorySharing/Info.plist;
				IPHONEOS_DEPLOYMENT_TARGET = 11.0;
				LD_RUNPATH_SEARCH_PATHS = (
					"$(inherited)",
					"@executable_path/Frameworks",
				);
				PRODUCT_BUNDLE_IDENTIFIER = it.luigiaiello..InstagramStorySharing;
				PRODUCT_NAME = "$(TARGET_NAME)";
				SWIFT_VERSION = 5.0;
				TARGETED_DEVICE_FAMILY = "1,2";
			};
			name = Debug;
		};
		5AE76DBC2642CB3E00B63F90 /* Release */ = {
			isa = XCBuildConfiguration;
			buildSettings = {
				ASSETCATALOG_COMPILER_APPICON_NAME = AppIcon;
				ASSETCATALOG_COMPILER_GLOBAL_ACCENT_COLOR_NAME = AccentColor;
				CODE_SIGN_STYLE = Automatic;
				DEVELOPMENT_TEAM = LAT58Z69VZ;
				INFOPLIST_FILE = InstagramStorySharing/Info.plist;
				IPHONEOS_DEPLOYMENT_TARGET = 11.0;
				LD_RUNPATH_SEARCH_PATHS = (
					"$(inherited)",
					"@executable_path/Frameworks",
				);
				PRODUCT_BUNDLE_IDENTIFIER = it.luigiaiello..InstagramStorySharing;
				PRODUCT_NAME = "$(TARGET_NAME)";
				SWIFT_VERSION = 5.0;
				TARGETED_DEVICE_FAMILY = "1,2";
			};
			name = Release;
		};
/* End XCBuildConfiguration section */

/* Begin XCConfigurationList section */
		5AE76DA12642CB3B00B63F90 /* Build configuration list for PBXProject "InstagramStorySharing" */ = {
			isa = XCConfigurationList;
			buildConfigurations = (
				5AE76DB82642CB3E00B63F90 /* Debug */,
				5AE76DB92642CB3E00B63F90 /* Release */,
			);
			defaultConfigurationIsVisible = 0;
			defaultConfigurationName = Release;
		};
		5AE76DBA2642CB3E00B63F90 /* Build configuration list for PBXNativeTarget "InstagramStorySharing" */ = {
			isa = XCConfigurationList;
			buildConfigurations = (
				5AE76DBB2642CB3E00B63F90 /* Debug */,
				5AE76DBC2642CB3E00B63F90 /* Release */,
			);
			defaultConfigurationIsVisible = 0;
			defaultConfigurationName = Release;
		};
/* End XCConfigurationList section */
	};
	rootObject = 5AE76D9E2642CB3B00B63F90 /* Project object */;
}
